
Microsoft Visual Studio Solution File, Format Version 12.00
# Visual Studio Version 16
VisualStudioVersion = 16.0.28729.10
MinimumVisualStudioVersion = 10.0.40219.1
Project("{8BC9CEB8-8B4A-11D0-8D11-00A0C91BC942}") = "WindowDesign", "WindowDesign\WindowDesign.vcxproj", "{FCF8C16F-94A0-49C3-8EA6-921C4672FEA2}"
EndProject
Project("{8BC9CEB8-8B4A-11D0-8D11-00A0C91BC942}") = "Clock", "Clock\clock.vcxproj", "{157F401B-5375-4AF6-9D3A-2CF8A0B0B6A5}"
EndProject
Project("{8BC9CEB8-8B4A-11D0-8D11-00A0C91BC942}") = "Calculation", "Calculation\Calculation.vcxproj", "{FEC8AA63-B597-445C-8A72-5DA252AF31F4}"
EndProject
Project("{8BC9CEB8-8B4A-11D0-8D11-00A0C91BC942}") = "Video", "video\video.vcxproj", "{DA42B120-3705-4C9C-91DC-3A1E84E542AF}"
EndProject
Project("{8BC9CEB8-8B4A-11D0-8D11-00A0C91BC942}") = "SocketServer", "SocketServer\SocketServer.vcxproj", "{B12035AF-56D7-4F34-B745-448FBDF02FF3}"
EndProject
Project("{8BC9CEB8-8B4A-11D0-8D11-00A0C91BC942}") = "SocketClient", "SocketClient\SocketClient.vcxproj", "{9F7407AC-5834-4E0B-AB0B-752BCC3B9058}"
EndProject
Project("{8BC9CEB8-8B4A-11D0-8D11-00A0C91BC942}") = "Thread", "Thread\Thread.vcxproj", "{04B4F321-F82A-4DB8-AD32-89F6E11239E7}"
EndProject
Project("{8BC9CEB8-8B4A-11D0-8D11-00A0C91BC942}") = "SqlServer", "SqlServer\SqlServer.vcxproj", "{599100CB-422F-4B9A-B148-B281226017FD}"
EndProject
Global
	GlobalSection(SolutionConfigurationPlatforms) = preSolution
		Debug|Mixed Platforms = Debug|Mixed Platforms
		Debug|Win32 = Debug|Win32
		Debug|x64 = Debug|x64
		Debug|x86 = Debug|x86
		Release|Mixed Platforms = Release|Mixed Platforms
		Release|Win32 = Release|Win32
		Release|x64 = Release|x64
		Release|x86 = Release|x86
	EndGlobalSection
	GlobalSection(ProjectConfigurationPlatforms) = postSolution
		{FCF8C16F-94A0-49C3-8EA6-921C4672FEA2}.Debug|Mixed Platforms.ActiveCfg = Debug|Win32
		{FCF8C16F-94A0-49C3-8EA6-921C4672FEA2}.Debug|Mixed Platforms.Build.0 = Debug|Win32
		{FCF8C16F-94A0-49C3-8EA6-921C4672FEA2}.Debug|Win32.ActiveCfg = Debug|Win32
		{FCF8C16F-94A0-49C3-8EA6-921C4672FEA2}.Debug|Win32.Build.0 = Debug|Win32
		{FCF8C16F-94A0-49C3-8EA6-921C4672FEA2}.Debug|x64.ActiveCfg = Debug|x64
		{FCF8C16F-94A0-49C3-8EA6-921C4672FEA2}.Debug|x64.Build.0 = Debug|x64
		{FCF8C16F-94A0-49C3-8EA6-921C4672FEA2}.Debug|x86.ActiveCfg = Debug|Win32
		{FCF8C16F-94A0-49C3-8EA6-921C4672FEA2}.Debug|x86.Build.0 = Debug|Win32
		{FCF8C16F-94A0-49C3-8EA6-921C4672FEA2}.Release|Mixed Platforms.ActiveCfg = Release|Win32
		{FCF8C16F-94A0-49C3-8EA6-921C4672FEA2}.Release|Mixed Platforms.Build.0 = Release|Win32
		{FCF8C16F-94A0-49C3-8EA6-921C4672FEA2}.Release|Win32.ActiveCfg = Release|Win32
		{FCF8C16F-94A0-49C3-8EA6-921C4672FEA2}.Release|Win32.Build.0 = Release|Win32
		{FCF8C16F-94A0-49C3-8EA6-921C4672FEA2}.Release|x64.ActiveCfg = Release|x64
		{FCF8C16F-94A0-49C3-8EA6-921C4672FEA2}.Release|x64.Build.0 = Release|x64
		{FCF8C16F-94A0-49C3-8EA6-921C4672FEA2}.Release|x86.ActiveCfg = Release|Win32
		{FCF8C16F-94A0-49C3-8EA6-921C4672FEA2}.Release|x86.Build.0 = Release|Win32
		{157F401B-5375-4AF6-9D3A-2CF8A0B0B6A5}.Debug|Mixed Platforms.ActiveCfg = Debug|Win32
		{157F401B-5375-4AF6-9D3A-2CF8A0B0B6A5}.Debug|Mixed Platforms.Build.0 = Debug|Win32
		{157F401B-5375-4AF6-9D3A-2CF8A0B0B6A5}.Debug|Win32.ActiveCfg = Debug|Win32
		{157F401B-5375-4AF6-9D3A-2CF8A0B0B6A5}.Debug|Win32.Build.0 = Debug|Win32
		{157F401B-5375-4AF6-9D3A-2CF8A0B0B6A5}.Debug|x64.ActiveCfg = Debug|x64
		{157F401B-5375-4AF6-9D3A-2CF8A0B0B6A5}.Debug|x64.Build.0 = Debug|x64
		{157F401B-5375-4AF6-9D3A-2CF8A0B0B6A5}.Debug|x86.ActiveCfg = Debug|Win32
		{157F401B-5375-4AF6-9D3A-2CF8A0B0B6A5}.Debug|x86.Build.0 = Debug|Win32
		{157F401B-5375-4AF6-9D3A-2CF8A0B0B6A5}.Release|Mixed Platforms.ActiveCfg = Release|Win32
		{157F401B-5375-4AF6-9D3A-2CF8A0B0B6A5}.Release|Mixed Platforms.Build.0 = Release|Win32
		{157F401B-5375-4AF6-9D3A-2CF8A0B0B6A5}.Release|Win32.ActiveCfg = Release|Win32
		{157F401B-5375-4AF6-9D3A-2CF8A0B0B6A5}.Release|Win32.Build.0 = Release|Win32
		{157F401B-5375-4AF6-9D3A-2CF8A0B0B6A5}.Release|x64.ActiveCfg = Release|x64
		{157F401B-5375-4AF6-9D3A-2CF8A0B0B6A5}.Release|x64.Build.0 = Release|x64
		{157F401B-5375-4AF6-9D3A-2CF8A0B0B6A5}.Release|x86.ActiveCfg = Release|Win32
		{157F401B-5375-4AF6-9D3A-2CF8A0B0B6A5}.Release|x86.Build.0 = Release|Win32
		{FEC8AA63-B597-445C-8A72-5DA252AF31F4}.Debug|Mixed Platforms.ActiveCfg = Debug|Win32
		{FEC8AA63-B597-445C-8A72-5DA252AF31F4}.Debug|Mixed Platforms.Build.0 = Debug|Win32
		{FEC8AA63-B597-445C-8A72-5DA252AF31F4}.Debug|Win32.ActiveCfg = Debug|Win32
		{FEC8AA63-B597-445C-8A72-5DA252AF31F4}.Debug|Win32.Build.0 = Debug|Win32
		{FEC8AA63-B597-445C-8A72-5DA252AF31F4}.Debug|x64.ActiveCfg = Debug|Win32
		{FEC8AA63-B597-445C-8A72-5DA252AF31F4}.Debug|x86.ActiveCfg = Debug|Win32
		{FEC8AA63-B597-445C-8A72-5DA252AF31F4}.Debug|x86.Build.0 = Debug|Win32
		{FEC8AA63-B597-445C-8A72-5DA252AF31F4}.Release|Mixed Platforms.ActiveCfg = Release|Win32
		{FEC8AA63-B597-445C-8A72-5DA252AF31F4}.Release|Mixed Platforms.Build.0 = Release|Win32
		{FEC8AA63-B597-445C-8A72-5DA252AF31F4}.Release|Win32.ActiveCfg = Release|Win32
		{FEC8AA63-B597-445C-8A72-5DA252AF31F4}.Release|Win32.Build.0 = Release|Win32
		{FEC8AA63-B597-445C-8A72-5DA252AF31F4}.Release|x64.ActiveCfg = Release|Win32
		{FEC8AA63-B597-445C-8A72-5DA252AF31F4}.Release|x86.ActiveCfg = Release|Win32
		{FEC8AA63-B597-445C-8A72-5DA252AF31F4}.Release|x86.Build.0 = Release|Win32
		{DA42B120-3705-4C9C-91DC-3A1E84E542AF}.Debug|Mixed Platforms.ActiveCfg = Debug|Win32
		{DA42B120-3705-4C9C-91DC-3A1E84E542AF}.Debug|Mixed Platforms.Build.0 = Debug|Win32
		{DA42B120-3705-4C9C-91DC-3A1E84E542AF}.Debug|Win32.ActiveCfg = Debug|Win32
		{DA42B120-3705-4C9C-91DC-3A1E84E542AF}.Debug|Win32.Build.0 = Debug|Win32
		{DA42B120-3705-4C9C-91DC-3A1E84E542AF}.Debug|x64.ActiveCfg = Debug|Win32
		{DA42B120-3705-4C9C-91DC-3A1E84E542AF}.Debug|x86.ActiveCfg = Debug|Win32
		{DA42B120-3705-4C9C-91DC-3A1E84E542AF}.Debug|x86.Build.0 = Debug|Win32
		{DA42B120-3705-4C9C-91DC-3A1E84E542AF}.Release|Mixed Platforms.ActiveCfg = Release|Win32
		{DA42B120-3705-4C9C-91DC-3A1E84E542AF}.Release|Mixed Platforms.Build.0 = Release|Win32
		{DA42B120-3705-4C9C-91DC-3A1E84E542AF}.Release|Win32.ActiveCfg = Release|Win32
		{DA42B120-3705-4C9C-91DC-3A1E84E542AF}.Release|Win32.Build.0 = Release|Win32
		{DA42B120-3705-4C9C-91DC-3A1E84E542AF}.Release|x64.ActiveCfg = Release|Win32
		{DA42B120-3705-4C9C-91DC-3A1E84E542AF}.Release|x86.ActiveCfg = Release|Win32
		{DA42B120-3705-4C9C-91DC-3A1E84E542AF}.Release|x86.Build.0 = Release|Win32
		{B12035AF-56D7-4F34-B745-448FBDF02FF3}.Debug|Mixed Platforms.ActiveCfg = Debug|Win32
		{B12035AF-56D7-4F34-B745-448FBDF02FF3}.Debug|Mixed Platforms.Build.0 = Debug|Win32
		{B12035AF-56D7-4F34-B745-448FBDF02FF3}.Debug|Win32.ActiveCfg = Debug|Win32
		{B12035AF-56D7-4F34-B745-448FBDF02FF3}.Debug|Win32.Build.0 = Debug|Win32
		{B12035AF-56D7-4F34-B745-448FBDF02FF3}.Debug|x64.ActiveCfg = Debug|Win32
		{B12035AF-56D7-4F34-B745-448FBDF02FF3}.Debug|x86.ActiveCfg = Debug|Win32
		{B12035AF-56D7-4F34-B745-448FBDF02FF3}.Debug|x86.Build.0 = Debug|Win32
		{B12035AF-56D7-4F34-B745-448FBDF02FF3}.Release|Mixed Platforms.ActiveCfg = Release|Win32
		{B12035AF-56D7-4F34-B745-448FBDF02FF3}.Release|Mixed Platforms.Build.0 = Release|Win32
		{B12035AF-56D7-4F34-B745-448FBDF02FF3}.Release|Win32.ActiveCfg = Release|Win32
		{B12035AF-56D7-4F34-B745-448FBDF02FF3}.Release|Win32.Build.0 = Release|Win32
		{B12035AF-56D7-4F34-B745-448FBDF02FF3}.Release|x64.ActiveCfg = Release|Win32
		{B12035AF-56D7-4F34-B745-448FBDF02FF3}.Release|x86.ActiveCfg = Release|Win32
		{B12035AF-56D7-4F34-B745-448FBDF02FF3}.Release|x86.Build.0 = Release|Win32
		{9F7407AC-5834-4E0B-AB0B-752BCC3B9058}.Debug|Mixed Platforms.ActiveCfg = Debug|Win32
		{9F7407AC-5834-4E0B-AB0B-752BCC3B9058}.Debug|Mixed Platforms.Build.0 = Debug|Win32
		{9F7407AC-5834-4E0B-AB0B-752BCC3B9058}.Debug|Win32.ActiveCfg = Debug|Win32
		{9F7407AC-5834-4E0B-AB0B-752BCC3B9058}.Debug|Win32.Build.0 = Debug|Win32
		{9F7407AC-5834-4E0B-AB0B-752BCC3B9058}.Debug|x64.ActiveCfg = Debug|Win32
		{9F7407AC-5834-4E0B-AB0B-752BCC3B9058}.Debug|x86.ActiveCfg = Debug|Win32
		{9F7407AC-5834-4E0B-AB0B-752BCC3B9058}.Debug|x86.Build.0 = Debug|Win32
		{9F7407AC-5834-4E0B-AB0B-752BCC3B9058}.Release|Mixed Platforms.ActiveCfg = Release|Win32
		{9F7407AC-5834-4E0B-AB0B-752BCC3B9058}.Release|Mixed Platforms.Build.0 = Release|Win32
		{9F7407AC-5834-4E0B-AB0B-752BCC3B9058}.Release|Win32.ActiveCfg = Release|Win32
		{9F7407AC-5834-4E0B-AB0B-752BCC3B9058}.Release|Win32.Build.0 = Release|Win32
		{9F7407AC-5834-4E0B-AB0B-752BCC3B9058}.Release|x64.ActiveCfg = Release|Win32
		{9F7407AC-5834-4E0B-AB0B-752BCC3B9058}.Release|x86.ActiveCfg = Release|Win32
		{9F7407AC-5834-4E0B-AB0B-752BCC3B9058}.Release|x86.Build.0 = Release|Win32
		{04B4F321-F82A-4DB8-AD32-89F6E11239E7}.Debug|Mixed Platforms.ActiveCfg = Debug|Win32
		{04B4F321-F82A-4DB8-AD32-89F6E11239E7}.Debug|Mixed Platforms.Build.0 = Debug|Win32
		{04B4F321-F82A-4DB8-AD32-89F6E11239E7}.Debug|Win32.ActiveCfg = Debug|Win32
		{04B4F321-F82A-4DB8-AD32-89F6E11239E7}.Debug|Win32.Build.0 = Debug|Win32
		{04B4F321-F82A-4DB8-AD32-89F6E11239E7}.Debug|x64.ActiveCfg = Debug|Win32
		{04B4F321-F82A-4DB8-AD32-89F6E11239E7}.Debug|x86.ActiveCfg = Debug|Win32
		{04B4F321-F82A-4DB8-AD32-89F6E11239E7}.Debug|x86.Build.0 = Debug|Win32
		{04B4F321-F82A-4DB8-AD32-89F6E11239E7}.Release|Mixed Platforms.ActiveCfg = Release|Win32
		{04B4F321-F82A-4DB8-AD32-89F6E11239E7}.Release|Mixed Platforms.Build.0 = Release|Win32
		{04B4F321-F82A-4DB8-AD32-89F6E11239E7}.Release|Win32.ActiveCfg = Release|Win32
		{04B4F321-F82A-4DB8-AD32-89F6E11239E7}.Release|Win32.Build.0 = Release|Win32
		{04B4F321-F82A-4DB8-AD32-89F6E11239E7}.Release|x64.ActiveCfg = Release|Win32
		{04B4F321-F82A-4DB8-AD32-89F6E11239E7}.Release|x86.ActiveCfg = Release|Win32
		{04B4F321-F82A-4DB8-AD32-89F6E11239E7}.Release|x86.Build.0 = Release|Win32
		{599100CB-422F-4B9A-B148-B281226017FD}.Debug|Mixed Platforms.ActiveCfg = Debug|Win32
		{599100CB-422F-4B9A-B148-B281226017FD}.Debug|Mixed Platforms.Build.0 = Debug|Win32
		{599100CB-422F-4B9A-B148-B281226017FD}.Debug|Win32.ActiveCfg = Debug|Win32
		{599100CB-422F-4B9A-B148-B281226017FD}.Debug|Win32.Build.0 = Debug|Win32
		{599100CB-422F-4B9A-B148-B281226017FD}.Debug|x64.ActiveCfg = Debug|x64
		{599100CB-422F-4B9A-B148-B281226017FD}.Debug|x64.Build.0 = Debug|x64
		{599100CB-422F-4B9A-B148-B281226017FD}.Debug|x86.ActiveCfg = Debug|Win32
		{599100CB-422F-4B9A-B148-B281226017FD}.Debug|x86.Build.0 = Debug|Win32
		{599100CB-422F-4B9A-B148-B281226017FD}.Release|Mixed Platforms.ActiveCfg = Release|Win32
		{599100CB-422F-4B9A-B148-B281226017FD}.Release|Mixed Platforms.Build.0 = Release|Win32
		{599100CB-422F-4B9A-B148-B281226017FD}.Release|Win32.ActiveCfg = Release|Win32
		{599100CB-422F-4B9A-B148-B281226017FD}.Release|Win32.Build.0 = Release|Win32
		{599100CB-422F-4B9A-B148-B281226017FD}.Release|x64.ActiveCfg = Release|x64
		{599100CB-422F-4B9A-B148-B281226017FD}.Release|x64.Build.0 = Release|x64
		{599100CB-422F-4B9A-B148-B281226017FD}.Release|x86.ActiveCfg = Release|Win32
		{599100CB-422F-4B9A-B148-B281226017FD}.Release|x86.Build.0 = Release|Win32
	EndGlobalSection
	GlobalSection(SolutionProperties) = preSolution
		HideSolutionNode = FALSE
	EndGlobalSection
	GlobalSection(ExtensibilityGlobals) = postSolution
		SolutionGuid = {A58AD569-A66C-4E53-A083-4BC8B4B1D7E7}
	EndGlobalSection
EndGlobal
